// !$*UTF8*$!
{
	archiveVersion = 1;
	classes = {
	};
	objectVersion = 55;
	objects = {

/* Begin PBXBuildFile section */
		861CF21D27352E9E00E92A20 /* AfricaApp.swift in Sources */ = {isa = PBXBuildFile; fileRef = 861CF21C27352E9E00E92A20 /* AfricaApp.swift */; };
		861CF21F27352E9E00E92A20 /* ContentView.swift in Sources */ = {isa = PBXBuildFile; fileRef = 861CF21E27352E9E00E92A20 /* ContentView.swift */; };
		861CF22127352EA000E92A20 /* Assets.xcassets in Resources */ = {isa = PBXBuildFile; fileRef = 861CF22027352EA000E92A20 /* Assets.xcassets */; };
		861CF22427352EA000E92A20 /* Preview Assets.xcassets in Resources */ = {isa = PBXBuildFile; fileRef = 861CF22327352EA000E92A20 /* Preview Assets.xcassets */; };
		86E6589C273547A500DF7145 /* rhino.mp4 in Resources */ = {isa = PBXBuildFile; fileRef = 86E65892273547A100DF7145 /* rhino.mp4 */; };
		86E6589D273547A500DF7145 /* zebra.mp4 in Resources */ = {isa = PBXBuildFile; fileRef = 86E65893273547A200DF7145 /* zebra.mp4 */; };
		86E6589E273547A500DF7145 /* hippo.mp4 in Resources */ = {isa = PBXBuildFile; fileRef = 86E65894273547A200DF7145 /* hippo.mp4 */; };
		86E6589F273547A500DF7145 /* gorilla.mp4 in Resources */ = {isa = PBXBuildFile; fileRef = 86E65895273547A200DF7145 /* gorilla.mp4 */; };
		86E658A0273547A500DF7145 /* lion.mp4 in Resources */ = {isa = PBXBuildFile; fileRef = 86E65896273547A300DF7145 /* lion.mp4 */; };
		86E658A1273547A500DF7145 /* giraffe.mp4 in Resources */ = {isa = PBXBuildFile; fileRef = 86E65897273547A300DF7145 /* giraffe.mp4 */; };
		86E658A2273547A500DF7145 /* cheetah.mp4 in Resources */ = {isa = PBXBuildFile; fileRef = 86E65898273547A300DF7145 /* cheetah.mp4 */; };
		86E658A3273547A500DF7145 /* ostrich.mp4 in Resources */ = {isa = PBXBuildFile; fileRef = 86E65899273547A400DF7145 /* ostrich.mp4 */; };
		86E658A4273547A500DF7145 /* elephant.mp4 in Resources */ = {isa = PBXBuildFile; fileRef = 86E6589A273547A400DF7145 /* elephant.mp4 */; };
		86E658A5273547A500DF7145 /* lioness.mp4 in Resources */ = {isa = PBXBuildFile; fileRef = 86E6589B273547A500DF7145 /* lioness.mp4 */; };
		86E658AB273547DA00DF7145 /* covers.json in Resources */ = {isa = PBXBuildFile; fileRef = 86E658A7273547DA00DF7145 /* covers.json */; };
		86E658AC273547DA00DF7145 /* animals.json in Resources */ = {isa = PBXBuildFile; fileRef = 86E658A8273547DA00DF7145 /* animals.json */; };
		86E658AD273547DA00DF7145 /* videos.json in Resources */ = {isa = PBXBuildFile; fileRef = 86E658A9273547DA00DF7145 /* videos.json */; };
		86E658AE273547DA00DF7145 /* locations.json in Resources */ = {isa = PBXBuildFile; fileRef = 86E658AA273547DA00DF7145 /* locations.json */; };
		86E658B32735508900DF7145 /* VideoListView.swift in Sources */ = {isa = PBXBuildFile; fileRef = 86E658B22735508900DF7145 /* VideoListView.swift */; };
		86E658B52735509600DF7145 /* MapView.swift in Sources */ = {isa = PBXBuildFile; fileRef = 86E658B42735509600DF7145 /* MapView.swift */; };
		86E658B7273550A800DF7145 /* GalleryView.swift in Sources */ = {isa = PBXBuildFile; fileRef = 86E658B6273550A800DF7145 /* GalleryView.swift */; };
		86E658B9273550D800DF7145 /* MainView.swift in Sources */ = {isa = PBXBuildFile; fileRef = 86E658B8273550D800DF7145 /* MainView.swift */; };
		86E658BC27356CAC00DF7145 /* CoverImageView.swift in Sources */ = {isa = PBXBuildFile; fileRef = 86E658BB27356CAC00DF7145 /* CoverImageView.swift */; };
		86E658BF27356E1A00DF7145 /* CoverImage.swift in Sources */ = {isa = PBXBuildFile; fileRef = 86E658BE27356E1A00DF7145 /* CoverImage.swift */; };
		86E658C227356EF400DF7145 /* CodableBundleExtension.swift in Sources */ = {isa = PBXBuildFile; fileRef = 86E658C127356EF400DF7145 /* CodableBundleExtension.swift */; };
		86E658C62735743C00DF7145 /* AnimalListItemView.swift in Sources */ = {isa = PBXBuildFile; fileRef = 86E658C52735743C00DF7145 /* AnimalListItemView.swift */; };
		86E658C8273575BC00DF7145 /* Animal.swift in Sources */ = {isa = PBXBuildFile; fileRef = 86E658C7273575BC00DF7145 /* Animal.swift */; };
/* End PBXBuildFile section */

/* Begin PBXFileReference section */
		861CF21927352E9E00E92A20 /* Africa.app */ = {isa = PBXFileReference; explicitFileType = wrapper.application; includeInIndex = 0; path = Africa.app; sourceTree = BUILT_PRODUCTS_DIR; };
		861CF21C27352E9E00E92A20 /* AfricaApp.swift */ = {isa = PBXFileReference; lastKnownFileType = sourcecode.swift; path = AfricaApp.swift; sourceTree = "<group>"; };
		861CF21E27352E9E00E92A20 /* ContentView.swift */ = {isa = PBXFileReference; lastKnownFileType = sourcecode.swift; path = ContentView.swift; sourceTree = "<group>"; };
		861CF22027352EA000E92A20 /* Assets.xcassets */ = {isa = PBXFileReference; lastKnownFileType = folder.assetcatalog; path = Assets.xcassets; sourceTree = "<group>"; };
		861CF22327352EA000E92A20 /* Preview Assets.xcassets */ = {isa = PBXFileReference; lastKnownFileType = folder.assetcatalog; path = "Preview Assets.xcassets"; sourceTree = "<group>"; };
		86E65892273547A100DF7145 /* rhino.mp4 */ = {isa = PBXFileReference; lastKnownFileType = file; path = rhino.mp4; sourceTree = "<group>"; };
		86E65893273547A200DF7145 /* zebra.mp4 */ = {isa = PBXFileReference; lastKnownFileType = file; path = zebra.mp4; sourceTree = "<group>"; };
		86E65894273547A200DF7145 /* hippo.mp4 */ = {isa = PBXFileReference; lastKnownFileType = file; path = hippo.mp4; sourceTree = "<group>"; };
		86E65895273547A200DF7145 /* gorilla.mp4 */ = {isa = PBXFileReference; lastKnownFileType = file; path = gorilla.mp4; sourceTree = "<group>"; };
		86E65896273547A300DF7145 /* lion.mp4 */ = {isa = PBXFileReference; lastKnownFileType = file; path = lion.mp4; sourceTree = "<group>"; };
		86E65897273547A300DF7145 /* giraffe.mp4 */ = {isa = PBXFileReference; lastKnownFileType = file; path = giraffe.mp4; sourceTree = "<group>"; };
		86E65898273547A300DF7145 /* cheetah.mp4 */ = {isa = PBXFileReference; lastKnownFileType = file; path = cheetah.mp4; sourceTree = "<group>"; };
		86E65899273547A400DF7145 /* ostrich.mp4 */ = {isa = PBXFileReference; lastKnownFileType = file; path = ostrich.mp4; sourceTree = "<group>"; };
		86E6589A273547A400DF7145 /* elephant.mp4 */ = {isa = PBXFileReference; lastKnownFileType = file; path = elephant.mp4; sourceTree = "<group>"; };
		86E6589B273547A500DF7145 /* lioness.mp4 */ = {isa = PBXFileReference; lastKnownFileType = file; path = lioness.mp4; sourceTree = "<group>"; };
		86E658A7273547DA00DF7145 /* covers.json */ = {isa = PBXFileReference; fileEncoding = 4; lastKnownFileType = text.json; path = covers.json; sourceTree = "<group>"; };
		86E658A8273547DA00DF7145 /* animals.json */ = {isa = PBXFileReference; fileEncoding = 4; lastKnownFileType = text.json; path = animals.json; sourceTree = "<group>"; };
		86E658A9273547DA00DF7145 /* videos.json */ = {isa = PBXFileReference; fileEncoding = 4; lastKnownFileType = text.json; path = videos.json; sourceTree = "<group>"; };
		86E658AA273547DA00DF7145 /* locations.json */ = {isa = PBXFileReference; fileEncoding = 4; lastKnownFileType = text.json; path = locations.json; sourceTree = "<group>"; };
		86E658AF273548BF00DF7145 /* Info.plist */ = {isa = PBXFileReference; lastKnownFileType = text.plist; path = Info.plist; sourceTree = "<group>"; };
		86E658B22735508900DF7145 /* VideoListView.swift */ = {isa = PBXFileReference; lastKnownFileType = sourcecode.swift; path = VideoListView.swift; sourceTree = "<group>"; };
		86E658B42735509600DF7145 /* MapView.swift */ = {isa = PBXFileReference; lastKnownFileType = sourcecode.swift; path = MapView.swift; sourceTree = "<group>"; };
		86E658B6273550A800DF7145 /* GalleryView.swift */ = {isa = PBXFileReference; lastKnownFileType = sourcecode.swift; path = GalleryView.swift; sourceTree = "<group>"; };
		86E658B8273550D800DF7145 /* MainView.swift */ = {isa = PBXFileReference; lastKnownFileType = sourcecode.swift; path = MainView.swift; sourceTree = "<group>"; };
		86E658BB27356CAC00DF7145 /* CoverImageView.swift */ = {isa = PBXFileReference; lastKnownFileType = sourcecode.swift; path = CoverImageView.swift; sourceTree = "<group>"; };
		86E658BE27356E1A00DF7145 /* CoverImage.swift */ = {isa = PBXFileReference; lastKnownFileType = sourcecode.swift; path = CoverImage.swift; sourceTree = "<group>"; };
		86E658C127356EF400DF7145 /* CodableBundleExtension.swift */ = {isa = PBXFileReference; lastKnownFileType = sourcecode.swift; path = CodableBundleExtension.swift; sourceTree = "<group>"; };
		86E658C52735743C00DF7145 /* AnimalListItemView.swift */ = {isa = PBXFileReference; lastKnownFileType = sourcecode.swift; path = AnimalListItemView.swift; sourceTree = "<group>"; };
		86E658C7273575BC00DF7145 /* Animal.swift */ = {isa = PBXFileReference; lastKnownFileType = sourcecode.swift; path = Animal.swift; sourceTree = "<group>"; };
/* End PBXFileReference section */

/* Begin PBXFrameworksBuildPhase section */
		861CF21627352E9E00E92A20 /* Frameworks */ = {
			isa = PBXFrameworksBuildPhase;
			buildActionMask = 2147483647;
			files = (
			);
			runOnlyForDeploymentPostprocessing = 0;
		};
/* End PBXFrameworksBuildPhase section */

/* Begin PBXGroup section */
		861CF21027352E9E00E92A20 = {
			isa = PBXGroup;
			children = (
				861CF21B27352E9E00E92A20 /* Africa */,
				861CF21A27352E9E00E92A20 /* Products */,
			);
			sourceTree = "<group>";
		};
		861CF21A27352E9E00E92A20 /* Products */ = {
			isa = PBXGroup;
			children = (
				861CF21927352E9E00E92A20 /* Africa.app */,
			);
			name = Products;
			sourceTree = "<group>";
		};
		861CF21B27352E9E00E92A20 /* Africa */ = {
			isa = PBXGroup;
			children = (
				86E658BA27356C8E00DF7145 /* New Group */,
				86E658AF273548BF00DF7145 /* Info.plist */,
				86E658A6273547C700DF7145 /* Data */,
				86E658BD27356E0600DF7145 /* Model */,
				86E658C027356ED900DF7145 /* Extension */,
				86E658912735477700DF7145 /* Video */,
				86E658B027354FD400DF7145 /* App */,
				86E658B127354FE300DF7145 /* View */,
				861CF22027352EA000E92A20 /* Assets.xcassets */,
				861CF22227352EA000E92A20 /* Preview Content */,
			);
			path = Africa;
			sourceTree = "<group>";
		};
		861CF22227352EA000E92A20 /* Preview Content */ = {
			isa = PBXGroup;
			children = (
				861CF22327352EA000E92A20 /* Preview Assets.xcassets */,
			);
			path = "Preview Content";
			sourceTree = "<group>";
		};
		86E658912735477700DF7145 /* Video */ = {
			isa = PBXGroup;
			children = (
				86E65898273547A300DF7145 /* cheetah.mp4 */,
				86E6589A273547A400DF7145 /* elephant.mp4 */,
				86E65897273547A300DF7145 /* giraffe.mp4 */,
				86E65895273547A200DF7145 /* gorilla.mp4 */,
				86E65894273547A200DF7145 /* hippo.mp4 */,
				86E65896273547A300DF7145 /* lion.mp4 */,
				86E6589B273547A500DF7145 /* lioness.mp4 */,
				86E65899273547A400DF7145 /* ostrich.mp4 */,
				86E65892273547A100DF7145 /* rhino.mp4 */,
				86E65893273547A200DF7145 /* zebra.mp4 */,
			);
			path = Video;
			sourceTree = "<group>";
		};
		86E658A6273547C700DF7145 /* Data */ = {
			isa = PBXGroup;
			children = (
				86E658A8273547DA00DF7145 /* animals.json */,
				86E658A7273547DA00DF7145 /* covers.json */,
				86E658AA273547DA00DF7145 /* locations.json */,
				86E658A9273547DA00DF7145 /* videos.json */,
			);
			path = Data;
			sourceTree = "<group>";
		};
		86E658B027354FD400DF7145 /* App */ = {
			isa = PBXGroup;
			children = (
				861CF21C27352E9E00E92A20 /* AfricaApp.swift */,
				861CF21E27352E9E00E92A20 /* ContentView.swift */,
				86E658B22735508900DF7145 /* VideoListView.swift */,
				86E658B42735509600DF7145 /* MapView.swift */,
				86E658B6273550A800DF7145 /* GalleryView.swift */,
				86E658B8273550D800DF7145 /* MainView.swift */,
			);
			path = App;
			sourceTree = "<group>";
		};
		86E658B127354FE300DF7145 /* View */ = {
			isa = PBXGroup;
			children = (
				86E658BB27356CAC00DF7145 /* CoverImageView.swift */,
				86E658C52735743C00DF7145 /* AnimalListItemView.swift */,
			);
			path = View;
			sourceTree = "<group>";
		};
		86E658BA27356C8E00DF7145 /* New Group */ = {
			isa = PBXGroup;
			children = (
			);
			path = "New Group";
			sourceTree = "<group>";
		};
		86E658BD27356E0600DF7145 /* Model */ = {
			isa = PBXGroup;
			children = (
				86E658BE27356E1A00DF7145 /* CoverImage.swift */,
				86E658C7273575BC00DF7145 /* Animal.swift */,
			);
			path = Model;
			sourceTree = "<group>";
		};
		86E658C027356ED900DF7145 /* Extension */ = {
			isa = PBXGroup;
			children = (
				86E658C127356EF400DF7145 /* CodableBundleExtension.swift */,
			);
			path = Extension;
			sourceTree = "<group>";
		};
/* End PBXGroup section */

/* Begin PBXNativeTarget section */
		861CF21827352E9E00E92A20 /* Africa */ = {
			isa = PBXNativeTarget;
			buildConfigurationList = 861CF22727352EA000E92A20 /* Build configuration list for PBXNativeTarget "Africa" */;
			buildPhases = (
				861CF21527352E9E00E92A20 /* Sources */,
				861CF21627352E9E00E92A20 /* Frameworks */,
				861CF21727352E9E00E92A20 /* Resources */,
			);
			buildRules = (
			);
			dependencies = (
			);
			name = Africa;
			productName = Africa;
			productReference = 861CF21927352E9E00E92A20 /* Africa.app */;
			productType = "com.apple.product-type.application";
		};
/* End PBXNativeTarget section */

/* Begin PBXProject section */
		861CF21127352E9E00E92A20 /* Project object */ = {
			isa = PBXProject;
			attributes = {
				BuildIndependentTargetsInParallel = 1;
				LastSwiftUpdateCheck = 1310;
				LastUpgradeCheck = 1310;
				TargetAttributes = {
					861CF21827352E9E00E92A20 = {
						CreatedOnToolsVersion = 13.1;
					};
				};
			};
			buildConfigurationList = 861CF21427352E9E00E92A20 /* Build configuration list for PBXProject "Africa" */;
			compatibilityVersion = "Xcode 13.0";
			developmentRegion = en;
			hasScannedForEncodings = 0;
			knownRegions = (
				en,
				Base,
			);
			mainGroup = 861CF21027352E9E00E92A20;
			productRefGroup = 861CF21A27352E9E00E92A20 /* Products */;
			projectDirPath = "";
			projectRoot = "";
			targets = (
				861CF21827352E9E00E92A20 /* Africa */,
			);
		};
/* End PBXProject section */

/* Begin PBXResourcesBuildPhase section */
		861CF21727352E9E00E92A20 /* Resources */ = {
			isa = PBXResourcesBuildPhase;
			buildActionMask = 2147483647;
			files = (
				86E658AB273547DA00DF7145 /* covers.json in Resources */,
				86E6589E273547A500DF7145 /* hippo.mp4 in Resources */,
				86E658AE273547DA00DF7145 /* locations.json in Resources */,
				86E658AD273547DA00DF7145 /* videos.json in Resources */,
				86E6589D273547A500DF7145 /* zebra.mp4 in Resources */,
				86E658A0273547A500DF7145 /* lion.mp4 in Resources */,
				86E6589C273547A500DF7145 /* rhino.mp4 in Resources */,
				861CF22427352EA000E92A20 /* Preview Assets.xcassets in Resources */,
				86E6589F273547A500DF7145 /* gorilla.mp4 in Resources */,
				86E658AC273547DA00DF7145 /* animals.json in Resources */,
				86E658A1273547A500DF7145 /* giraffe.mp4 in Resources */,
				861CF22127352EA000E92A20 /* Assets.xcassets in Resources */,
				86E658A3273547A500DF7145 /* ostrich.mp4 in Resources */,
				86E658A2273547A500DF7145 /* cheetah.mp4 in Resources */,
				86E658A4273547A500DF7145 /* elephant.mp4 in Resources */,
				86E658A5273547A500DF7145 /* lioness.mp4 in Resources */,
			);
			runOnlyForDeploymentPostprocessing = 0;
		};
/* End PBXResourcesBuildPhase section */

/* Begin PBXSourcesBuildPhase section */
		861CF21527352E9E00E92A20 /* Sources */ = {
			isa = PBXSourcesBuildPhase;
			buildActionMask = 2147483647;
			files = (
				86E658C8273575BC00DF7145 /* Animal.swift in Sources */,
				861CF21F27352E9E00E92A20 /* ContentView.swift in Sources */,
				86E658C62735743C00DF7145 /* AnimalListItemView.swift in Sources */,
				86E658B9273550D800DF7145 /* MainView.swift in Sources */,
				86E658BC27356CAC00DF7145 /* CoverImageView.swift in Sources */,
				86E658B52735509600DF7145 /* MapView.swift in Sources */,
				861CF21D27352E9E00E92A20 /* AfricaApp.swift in Sources */,
				86E658BF27356E1A00DF7145 /* CoverImage.swift in Sources */,
				86E658B32735508900DF7145 /* VideoListView.swift in Sources */,
				86E658B7273550A800DF7145 /* GalleryView.swift in Sources */,
				86E658C227356EF400DF7145 /* CodableBundleExtension.swift in Sources */,
			);
			runOnlyForDeploymentPostprocessing = 0;
		};
/* End PBXSourcesBuildPhase section */

/* Begin XCBuildConfiguration section */
		861CF22527352EA000E92A20 /* Debug */ = {
			isa = XCBuildConfiguration;
			buildSettings = {
				ALWAYS_SEARCH_USER_PATHS = NO;
				CLANG_ANALYZER_NONNULL = YES;
				CLANG_ANALYZER_NUMBER_OBJECT_CONVERSION = YES_AGGRESSIVE;
				CLANG_CXX_LANGUAGE_STANDARD = "gnu++17";
				CLANG_CXX_LIBRARY = "libc++";
				CLANG_ENABLE_MODULES = YES;
				CLANG_ENABLE_OBJC_ARC = YES;
				CLANG_ENABLE_OBJC_WEAK = YES;
				CLANG_WARN_BLOCK_CAPTURE_AUTORELEASING = YES;
				CLANG_WARN_BOOL_CONVERSION = YES;
				CLANG_WARN_COMMA = YES;
				CLANG_WARN_CONSTANT_CONVERSION = YES;
				CLANG_WARN_DEPRECATED_OBJC_IMPLEMENTATIONS = YES;
				CLANG_WARN_DIRECT_OBJC_ISA_USAGE = YES_ERROR;
				CLANG_WARN_DOCUMENTATION_COMMENTS = YES;
				CLANG_WARN_EMPTY_BODY = YES;
				CLANG_WARN_ENUM_CONVERSION = YES;
				CLANG_WARN_INFINITE_RECURSION = YES;
				CLANG_WARN_INT_CONVERSION = YES;
				CLANG_WARN_NON_LITERAL_NULL_CONVERSION = YES;
				CLANG_WARN_OBJC_IMPLICIT_RETAIN_SELF = YES;
				CLANG_WARN_OBJC_LITERAL_CONVERSION = YES;
				CLANG_WARN_OBJC_ROOT_CLASS = YES_ERROR;
				CLANG_WARN_QUOTED_INCLUDE_IN_FRAMEWORK_HEADER = YES;
				CLANG_WARN_RANGE_LOOP_ANALYSIS = YES;
				CLANG_WARN_STRICT_PROTOTYPES = YES;
				CLANG_WARN_SUSPICIOUS_MOVE = YES;
				CLANG_WARN_UNGUARDED_AVAILABILITY = YES_AGGRESSIVE;
				CLANG_WARN_UNREACHABLE_CODE = YES;
				CLANG_WARN__DUPLICATE_METHOD_MATCH = YES;
				COPY_PHASE_STRIP = NO;
				DEBUG_INFORMATION_FORMAT = dwarf;
				ENABLE_STRICT_OBJC_MSGSEND = YES;
				ENABLE_TESTABILITY = YES;
				GCC_C_LANGUAGE_STANDARD = gnu11;
				GCC_DYNAMIC_NO_PIC = NO;
				GCC_NO_COMMON_BLOCKS = YES;
				GCC_OPTIMIZATION_LEVEL = 0;
				GCC_PREPROCESSOR_DEFINITIONS = (
					"DEBUG=1",
					"$(inherited)",
				);
				GCC_WARN_64_TO_32_BIT_CONVERSION = YES;
				GCC_WARN_ABOUT_RETURN_TYPE = YES_ERROR;
				GCC_WARN_UNDECLARED_SELECTOR = YES;
				GCC_WARN_UNINITIALIZED_AUTOS = YES_AGGRESSIVE;
				GCC_WARN_UNUSED_FUNCTION = YES;
				GCC_WARN_UNUSED_VARIABLE = YES;
				IPHONEOS_DEPLOYMENT_TARGET = 15.0;
				MTL_ENABLE_DEBUG_INFO = INCLUDE_SOURCE;
				MTL_FAST_MATH = YES;
				ONLY_ACTIVE_ARCH = YES;
				SDKROOT = iphoneos;
				SWIFT_ACTIVE_COMPILATION_CONDITIONS = DEBUG;
				SWIFT_OPTIMIZATION_LEVEL = "-Onone";
			};
			name = Debug;
		};
		861CF22627352EA000E92A20 /* Release */ = {
			isa = XCBuildConfiguration;
			buildSettings = {
				ALWAYS_SEARCH_USER_PATHS = NO;
				CLANG_ANALYZER_NONNULL = YES;
				CLANG_ANALYZER_NUMBER_OBJECT_CONVERSION = YES_AGGRESSIVE;
				CLANG_CXX_LANGUAGE_STANDARD = "gnu++17";
				CLANG_CXX_LIBRARY = "libc++";
				CLANG_ENABLE_MODULES = YES;
				CLANG_ENABLE_OBJC_ARC = YES;
				CLANG_ENABLE_OBJC_WEAK = YES;
				CLANG_WARN_BLOCK_CAPTURE_AUTORELEASING = YES;
				CLANG_WARN_BOOL_CONVERSION = YES;
				CLANG_WARN_COMMA = YES;
				CLANG_WARN_CONSTANT_CONVERSION = YES;
				CLANG_WARN_DEPRECATED_OBJC_IMPLEMENTATIONS = YES;
				CLANG_WARN_DIRECT_OBJC_ISA_USAGE = YES_ERROR;
				CLANG_WARN_DOCUMENTATION_COMMENTS = YES;
				CLANG_WARN_EMPTY_BODY = YES;
				CLANG_WARN_ENUM_CONVERSION = YES;
				CLANG_WARN_INFINITE_RECURSION = YES;
				CLANG_WARN_INT_CONVERSION = YES;
				CLANG_WARN_NON_LITERAL_NULL_CONVERSION = YES;
				CLANG_WARN_OBJC_IMPLICIT_RETAIN_SELF = YES;
				CLANG_WARN_OBJC_LITERAL_CONVERSION = YES;
				CLANG_WARN_OBJC_ROOT_CLASS = YES_ERROR;
				CLANG_WARN_QUOTED_INCLUDE_IN_FRAMEWORK_HEADER = YES;
				CLANG_WARN_RANGE_LOOP_ANALYSIS = YES;
				CLANG_WARN_STRICT_PROTOTYPES = YES;
				CLANG_WARN_SUSPICIOUS_MOVE = YES;
				CLANG_WARN_UNGUARDED_AVAILABILITY = YES_AGGRESSIVE;
				CLANG_WARN_UNREACHABLE_CODE = YES;
				CLANG_WARN__DUPLICATE_METHOD_MATCH = YES;
				COPY_PHASE_STRIP = NO;
				DEBUG_INFORMATION_FORMAT = "dwarf-with-dsym";
				ENABLE_NS_ASSERTIONS = NO;
				ENABLE_STRICT_OBJC_MSGSEND = YES;
				GCC_C_LANGUAGE_STANDARD = gnu11;
				GCC_NO_COMMON_BLOCKS = YES;
				GCC_WARN_64_TO_32_BIT_CONVERSION = YES;
				GCC_WARN_ABOUT_RETURN_TYPE = YES_ERROR;
				GCC_WARN_UNDECLARED_SELECTOR = YES;
				GCC_WARN_UNINITIALIZED_AUTOS = YES_AGGRESSIVE;
				GCC_WARN_UNUSED_FUNCTION = YES;
				GCC_WARN_UNUSED_VARIABLE = YES;
				IPHONEOS_DEPLOYMENT_TARGET = 15.0;
				MTL_ENABLE_DEBUG_INFO = NO;
				MTL_FAST_MATH = YES;
				SDKROOT = iphoneos;
				SWIFT_COMPILATION_MODE = wholemodule;
				SWIFT_OPTIMIZATION_LEVEL = "-O";
				VALIDATE_PRODUCT = YES;
			};
			name = Release;
		};
		861CF22827352EA000E92A20 /* Debug */ = {
			isa = XCBuildConfiguration;
			buildSettings = {
				ASSETCATALOG_COMPILER_APPICON_NAME = AppIcon;
				ASSETCATALOG_COMPILER_GLOBAL_ACCENT_COLOR_NAME = AccentColor;
				CODE_SIGN_STYLE = Automatic;
				CURRENT_PROJECT_VERSION = 1;
				DEVELOPMENT_ASSET_PATHS = "\"Africa/Preview Content\"";
				DEVELOPMENT_TEAM = B453YZ4Z55;
				ENABLE_PREVIEWS = YES;
				GENERATE_INFOPLIST_FILE = YES;
				INFOPLIST_FILE = Africa/Info.plist;
				INFOPLIST_KEY_UIApplicationSceneManifest_Generation = YES;
				INFOPLIST_KEY_UIApplicationSupportsIndirectInputEvents = YES;
				INFOPLIST_KEY_UISupportedInterfaceOrientations_iPad = "UIInterfaceOrientationPortrait UIInterfaceOrientationPortraitUpsideDown UIInterfaceOrientationLandscapeLeft UIInterfaceOrientationLandscapeRight";
				INFOPLIST_KEY_UISupportedInterfaceOrientations_iPhone = "UIInterfaceOrientationPortrait UIInterfaceOrientationLandscapeLeft UIInterfaceOrientationLandscapeRight";
				INFOPLIST_KEY_UIUserInterfaceStyle = Dark;
				LD_RUNPATH_SEARCH_PATHS = (
					"$(inherited)",
					"@executable_path/Frameworks",
				);
				MARKETING_VERSION = 1.0;
				PRODUCT_BUNDLE_IDENTIFIER = com.perunit.Africa;
				PRODUCT_NAME = "$(TARGET_NAME)";
				SWIFT_EMIT_LOC_STRINGS = YES;
				SWIFT_VERSION = 5.0;
				TARGETED_DEVICE_FAMILY = "1,2";
			};
			name = Debug;
		};
		861CF22927352EA000E92A20 /* Release */ = {
			isa = XCBuildConfiguration;
			buildSettings = {
				ASSETCATALOG_COMPILER_APPICON_NAME = AppIcon;
				ASSETCATALOG_COMPILER_GLOBAL_ACCENT_COLOR_NAME = AccentColor;
				CODE_SIGN_STYLE = Automatic;
				CURRENT_PROJECT_VERSION = 1;
				DEVELOPMENT_ASSET_PATHS = "\"Africa/Preview Content\"";
				DEVELOPMENT_TEAM = B453YZ4Z55;
				ENABLE_PREVIEWS = YES;
				GENERATE_INFOPLIST_FILE = YES;
				INFOPLIST_FILE = Africa/Info.plist;
				INFOPLIST_KEY_UIApplicationSceneManifest_Generation = YES;
				INFOPLIST_KEY_UIApplicationSupportsIndirectInputEvents = YES;
				INFOPLIST_KEY_UISupportedInterfaceOrientations_iPad = "UIInterfaceOrientationPortrait UIInterfaceOrientationPortraitUpsideDown UIInterfaceOrientationLandscapeLeft UIInterfaceOrientationLandscapeRight";
				INFOPLIST_KEY_UISupportedInterfaceOrientations_iPhone = "UIInterfaceOrientationPortrait UIInterfaceOrientationLandscapeLeft UIInterfaceOrientationLandscapeRight";
				INFOPLIST_KEY_UIUserInterfaceStyle = Dark;
				LD_RUNPATH_SEARCH_PATHS = (
					"$(inherited)",
					"@executable_path/Frameworks",
				);
				MARKETING_VERSION = 1.0;
				PRODUCT_BUNDLE_IDENTIFIER = com.perunit.Africa;
				PRODUCT_NAME = "$(TARGET_NAME)";
				SWIFT_EMIT_LOC_STRINGS = YES;
				SWIFT_VERSION = 5.0;
				TARGETED_DEVICE_FAMILY = "1,2";
			};
			name = Release;
		};
/* End XCBuildConfiguration section */

/* Begin XCConfigurationList section */
		861CF21427352E9E00E92A20 /* Build configuration list for PBXProject "Africa" */ = {
			isa = XCConfigurationList;
			buildConfigurations = (
				861CF22527352EA000E92A20 /* Debug */,
				861CF22627352EA000E92A20 /* Release */,
			);
			defaultConfigurationIsVisible = 0;
			defaultConfigurationName = Release;
		};
		861CF22727352EA000E92A20 /* Build configuration list for PBXNativeTarget "Africa" */ = {
			isa = XCConfigurationList;
			buildConfigurations = (
				861CF22827352EA000E92A20 /* Debug */,
				861CF22927352EA000E92A20 /* Release */,
			);
			defaultConfigurationIsVisible = 0;
			defaultConfigurationName = Release;
		};
/* End XCConfigurationList section */
	};
	rootObject = 861CF21127352E9E00E92A20 /* Project object */;
}
